
Microsoft Visual Studio Solution File, Format Version 12.00
# Visual Studio Version 17
VisualStudioVersion = 17.14.36408.4
MinimumVisualStudioVersion = 10.0.40219.1
Project("{FAE04EC0-301F-11D3-BF4B-00C04F79EFBC}") = "DotQuant.Core", "DotQuant.Core\DotQuant.Core.csproj", "{E52AA07D-3A94-478F-BC8E-BB63A7FE89C3}"
EndProject
Project("{FAE04EC0-301F-11D3-BF4B-00C04F79EFBC}") = "DotQuant.Brokers.Trading212", "DotQuant.Brokers.Trading212\DotQuant.Brokers.Trading212.csproj", "{2A67F406-1A9C-4A91-B690-3881F6B2B21B}"
EndProject
Project("{FAE04EC0-301F-11D3-BF4B-00C04F79EFBC}") = "DotQuant.Feeds.Csv", "DotQuant.Feeds.Csv\DotQuant.Feeds.Csv.csproj", "{9C1EF296-D79B-40CC-AE77-5A564136CD8C}"
EndProject
Project("{FAE04EC0-301F-11D3-BF4B-00C04F79EFBC}") = "DotQuant.Feeds.Ibkr", "DotQuant.Feeds.Ibkr\DotQuant.Feeds.Ibkr.csproj", "{A5C52145-969D-436F-9E1D-1186A994C024}"
EndProject
Project("{2150E333-8FDC-42A3-9474-1A3956D46DE8}") = "External", "External", "{02EA681E-C7D8-13C7-8484-4AC65E1B71E8}"
EndProject
Project("{2150E333-8FDC-42A3-9474-1A3956D46DE8}") = "Ibkr", "Ibkr", "{BE73D1CE-FEE7-4B6B-AD0D-B7B9506AC490}"
EndProject
Project("{FAE04EC0-301F-11D3-BF4B-00C04F79EFBC}") = "CSharpAPI", "External\Ibkr\client\CSharpAPI.csproj", "{A072CA4B-D48B-1803-B653-36CADB71F3FF}"
EndProject
Project("{FAE04EC0-301F-11D3-BF4B-00C04F79EFBC}") = "DotQuant.Ui", "DotQuant.Ui\DotQuant.Ui.csproj", "{DAD01575-874C-4C5B-BD34-CCF9D414E74A}"
EndProject
Project("{FAE04EC0-301F-11D3-BF4B-00C04F79EFBC}") = "DotQuant.Tests", "DotQuant.Tests\DotQuant.Tests.csproj", "{8E9C8F82-1D81-40A3-ACF4-10BD82719DDB}"
EndProject
Project("{FAE04EC0-301F-11D3-BF4B-00C04F79EFBC}") = "DotQuant.Brokers.IBKR", "DotQuant.Brokers.IBKR\DotQuant.Brokers.IBKR.csproj", "{D7330176-D7BC-04E6-14F2-7D458F4BD341}"
EndProject
Project("{2150E333-8FDC-42A3-9474-1A3956D46DE8}") = "Solution Items", "Solution Items", "{8EC462FD-D22E-90A8-E5CE-7E832BA40C5D}"
	ProjectSection(SolutionItems) = preProject
		.github\copilot-instructions.md = .github\copilot-instructions.md
	EndProjectSection
EndProject
Project("{FAE04EC0-301F-11D3-BF4B-00C04F79EFBC}") = "DotQuant.Api", "DotQuant.Api\DotQuant.Api.csproj", "{45BBB1B2-1811-4875-8995-D528996FF174}"
EndProject
Project("{FAE04EC0-301F-11D3-BF4B-00C04F79EFBC}") = "DotQuant.Api.Contracts", "DotQuant.Api.Contracts\DotQuant.Api.Contracts.csproj", "{54AB7A3B-2463-4F84-ABCD-CE6D6A56A8D7}"
EndProject
Project("{FAE04EC0-301F-11D3-BF4B-00C04F79EFBC}") = "DotQuant.Api.Services", "DotQuant.Api.Services\DotQuant.Api.Services.csproj", "{D1101F15-3996-43CE-A7F2-0E2FBB2D5DCB}"
EndProject
Global
	GlobalSection(SolutionConfigurationPlatforms) = preSolution
		Debug|Any CPU = Debug|Any CPU
		Release|Any CPU = Release|Any CPU
	EndGlobalSection
	GlobalSection(ProjectConfigurationPlatforms) = postSolution
		{E52AA07D-3A94-478F-BC8E-BB63A7FE89C3}.Debug|Any CPU.ActiveCfg = Debug|Any CPU
		{E52AA07D-3A94-478F-BC8E-BB63A7FE89C3}.Debug|Any CPU.Build.0 = Debug|Any CPU
		{E52AA07D-3A94-478F-BC8E-BB63A7FE89C3}.Release|Any CPU.ActiveCfg = Release|Any CPU
		{E52AA07D-3A94-478F-BC8E-BB63A7FE89C3}.Release|Any CPU.Build.0 = Release|Any CPU
		{2A67F406-1A9C-4A91-B690-3881F6B2B21B}.Debug|Any CPU.ActiveCfg = Debug|Any CPU
		{2A67F406-1A9C-4A91-B690-3881F6B2B21B}.Debug|Any CPU.Build.0 = Debug|Any CPU
		{2A67F406-1A9C-4A91-B690-3881F6B2B21B}.Release|Any CPU.ActiveCfg = Release|Any CPU
		{2A67F406-1A9C-4A91-B690-3881F6B2B21B}.Release|Any CPU.Build.0 = Release|Any CPU
		{9C1EF296-D79B-40CC-AE77-5A564136CD8C}.Debug|Any CPU.ActiveCfg = Debug|Any CPU
		{9C1EF296-D79B-40CC-AE77-5A564136CD8C}.Debug|Any CPU.Build.0 = Debug|Any CPU
		{9C1EF296-D79B-40CC-AE77-5A564136CD8C}.Release|Any CPU.ActiveCfg = Release|Any CPU
		{9C1EF296-D79B-40CC-AE77-5A564136CD8C}.Release|Any CPU.Build.0 = Release|Any CPU
		{A5C52145-969D-436F-9E1D-1186A994C024}.Debug|Any CPU.ActiveCfg = Debug|Any CPU
		{A5C52145-969D-436F-9E1D-1186A994C024}.Debug|Any CPU.Build.0 = Debug|Any CPU
		{A5C52145-969D-436F-9E1D-1186A994C024}.Release|Any CPU.ActiveCfg = Release|Any CPU
		{A5C52145-969D-436F-9E1D-1186A994C024}.Release|Any CPU.Build.0 = Release|Any CPU
		{A072CA4B-D48B-1803-B653-36CADB71F3FF}.Debug|Any CPU.ActiveCfg = Debug|Any CPU
		{A072CA4B-D48B-1803-B653-36CADB71F3FF}.Debug|Any CPU.Build.0 = Debug|Any CPU
		{A072CA4B-D48B-1803-B653-36CADB71F3FF}.Release|Any CPU.ActiveCfg = Release|Any CPU
		{A072CA4B-D48B-1803-B653-36CADB71F3FF}.Release|Any CPU.Build.0 = Release|Any CPU
		{DAD01575-874C-4C5B-BD34-CCF9D414E74A}.Debug|Any CPU.ActiveCfg = Debug|Any CPU
		{DAD01575-874C-4C5B-BD34-CCF9D414E74A}.Debug|Any CPU.Build.0 = Debug|Any CPU
		{DAD01575-874C-4C5B-BD34-CCF9D414E74A}.Release|Any CPU.ActiveCfg = Release|Any CPU
		{DAD01575-874C-4C5B-BD34-CCF9D414E74A}.Release|Any CPU.Build.0 = Release|Any CPU
		{8E9C8F82-1D81-40A3-ACF4-10BD82719DDB}.Debug|Any CPU.ActiveCfg = Debug|Any CPU
		{8E9C8F82-1D81-40A3-ACF4-10BD82719DDB}.Debug|Any CPU.Build.0 = Debug|Any CPU
		{8E9C8F82-1D81-40A3-ACF4-10BD82719DDB}.Release|Any CPU.ActiveCfg = Release|Any CPU
		{8E9C8F82-1D81-40A3-ACF4-10BD82719DDB}.Release|Any CPU.Build.0 = Release|Any CPU
		{D7330176-D7BC-04E6-14F2-7D458F4BD341}.Debug|Any CPU.ActiveCfg = Debug|Any CPU
		{D7330176-D7BC-04E6-14F2-7D458F4BD341}.Debug|Any CPU.Build.0 = Debug|Any CPU
		{D7330176-D7BC-04E6-14F2-7D458F4BD341}.Release|Any CPU.ActiveCfg = Release|Any CPU
		{D7330176-D7BC-04E6-14F2-7D458F4BD341}.Release|Any CPU.Build.0 = Release|Any CPU
		{45BBB1B2-1811-4875-8995-D528996FF174}.Debug|Any CPU.ActiveCfg = Debug|Any CPU
		{45BBB1B2-1811-4875-8995-D528996FF174}.Debug|Any CPU.Build.0 = Debug|Any CPU
		{45BBB1B2-1811-4875-8995-D528996FF174}.Release|Any CPU.ActiveCfg = Release|Any CPU
		{45BBB1B2-1811-4875-8995-D528996FF174}.Release|Any CPU.Build.0 = Release|Any CPU
		{54AB7A3B-2463-4F84-ABCD-CE6D6A56A8D7}.Debug|Any CPU.ActiveCfg = Debug|Any CPU
		{54AB7A3B-2463-4F84-ABCD-CE6D6A56A8D7}.Debug|Any CPU.Build.0 = Debug|Any CPU
		{54AB7A3B-2463-4F84-ABCD-CE6D6A56A8D7}.Release|Any CPU.ActiveCfg = Release|Any CPU
		{54AB7A3B-2463-4F84-ABCD-CE6D6A56A8D7}.Release|Any CPU.Build.0 = Release|Any CPU
		{D1101F15-3996-43CE-A7F2-0E2FBB2D5DCB}.Debug|Any CPU.ActiveCfg = Debug|Any CPU
		{D1101F15-3996-43CE-A7F2-0E2FBB2D5DCB}.Debug|Any CPU.Build.0 = Debug|Any CPU
		{D1101F15-3996-43CE-A7F2-0E2FBB2D5DCB}.Release|Any CPU.ActiveCfg = Release|Any CPU
		{D1101F15-3996-43CE-A7F2-0E2FBB2D5DCB}.Release|Any CPU.Build.0 = Release|Any CPU
	EndGlobalSection
	GlobalSection(SolutionProperties) = preSolution
		HideSolutionNode = FALSE
	EndGlobalSection
	GlobalSection(NestedProjects) = preSolution
		{BE73D1CE-FEE7-4B6B-AD0D-B7B9506AC490} = {02EA681E-C7D8-13C7-8484-4AC65E1B71E8}
		{A072CA4B-D48B-1803-B653-36CADB71F3FF} = {BE73D1CE-FEE7-4B6B-AD0D-B7B9506AC490}
	EndGlobalSection
	GlobalSection(ExtensibilityGlobals) = postSolution
		SolutionGuid = {7DAE249B-AC7E-4E65-8DFD-2A6BCC8F1B2E}
	EndGlobalSection
EndGlobal
